
Microsoft Visual Studio Solution File, Format Version 12.00
# Visual Studio Version 17
VisualStudioVersion = 17.11.35222.181
MinimumVisualStudioVersion = 10.0.40219.1
Project("{FAE04EC0-301F-11D3-BF4B-00C04F79EFBC}") = "Week13SQLiteDB", "Week13SQLiteDB\Week13SQLiteDB.csproj", "{12BD3B62-D885-4CBB-8A5A-C8768F88CB10}"
EndProject
Global
	GlobalSection(SolutionConfigurationPlatforms) = preSolution
		Debug|Any CPU = Debug|Any CPU
		Release|Any CPU = Release|Any CPU
	EndGlobalSection
	GlobalSection(ProjectConfigurationPlatforms) = postSolution
		{12BD3B62-D885-4CBB-8A5A-C8768F88CB10}.Debug|Any CPU.ActiveCfg = Debug|Any CPU
		{12BD3B62-D885-4CBB-8A5A-C8768F88CB10}.Debug|Any CPU.Build.0 = Debug|Any CPU
		{12BD3B62-D885-4CBB-8A5A-C8768F88CB10}.Release|Any CPU.ActiveCfg = Release|Any CPU
		{12BD3B62-D885-4CBB-8A5A-C8768F88CB10}.Release|Any CPU.Build.0 = Release|Any CPU
	EndGlobalSection
	GlobalSection(SolutionProperties) = preSolution
		HideSolutionNode = FALSE
	EndGlobalSection
	GlobalSection(ExtensibilityGlobals) = postSolution
		SolutionGuid = {5EAE8638-F339-4E34-8655-12A7895AC7C7}
	EndGlobalSection
EndGlobal
